// !$*UTF8*$!
{
	archiveVersion = 1;
	classes = {
	};
	objectVersion = 56;
	objects = {

/* Begin PBXBuildFile section */
		962E6F142A1585BE0079029F /* AppDelegate.swift in Sources */ = {isa = PBXBuildFile; fileRef = 962E6F132A1585BE0079029F /* AppDelegate.swift */; };
		962E6F162A1585BE0079029F /* SceneDelegate.swift in Sources */ = {isa = PBXBuildFile; fileRef = 962E6F152A1585BE0079029F /* SceneDelegate.swift */; };
		962E6F182A1585BE0079029F /* ViewController.swift in Sources */ = {isa = PBXBuildFile; fileRef = 962E6F172A1585BE0079029F /* ViewController.swift */; };
		962E6F1B2A1585BE0079029F /* Main.storyboard in Resources */ = {isa = PBXBuildFile; fileRef = 962E6F192A1585BE0079029F /* Main.storyboard */; };
		962E6F1D2A1585BF0079029F /* Assets.xcassets in Resources */ = {isa = PBXBuildFile; fileRef = 962E6F1C2A1585BF0079029F /* Assets.xcassets */; };
		962E6F202A1585BF0079029F /* LaunchScreen.storyboard in Resources */ = {isa = PBXBuildFile; fileRef = 962E6F1E2A1585BF0079029F /* LaunchScreen.storyboard */; };
		962E6F282A15888A0079029F /* ProfileViewController.swift in Sources */ = {isa = PBXBuildFile; fileRef = 962E6F272A15888A0079029F /* ProfileViewController.swift */; };
		962E6F2A2A1588A20079029F /* FeedViewController.swift in Sources */ = {isa = PBXBuildFile; fileRef = 962E6F292A1588A20079029F /* FeedViewController.swift */; };
		962E6F2C2A1588C00079029F /* PostViewController.swift in Sources */ = {isa = PBXBuildFile; fileRef = 962E6F2B2A1588C00079029F /* PostViewController.swift */; };
		962E6F2E2A1588D10079029F /* InfoViewController.swift in Sources */ = {isa = PBXBuildFile; fileRef = 962E6F2D2A1588D10079029F /* InfoViewController.swift */; };
		962E6F302A1588D90079029F /* Post.swift in Sources */ = {isa = PBXBuildFile; fileRef = 962E6F2F2A1588D90079029F /* Post.swift */; };
		963D07E32A262847002D47C5 /* PhotosTableViewCell.swift in Sources */ = {isa = PBXBuildFile; fileRef = 963D07E22A262847002D47C5 /* PhotosTableViewCell.swift */; };
		963D07E72A2628F2002D47C5 /* PhotosViewController.swift in Sources */ = {isa = PBXBuildFile; fileRef = 963D07E62A2628F2002D47C5 /* PhotosViewController.swift */; };
		963D07E92A262971002D47C5 /* PhotosCollectionViewCell.swift in Sources */ = {isa = PBXBuildFile; fileRef = 963D07E82A262971002D47C5 /* PhotosCollectionViewCell.swift */; };
		963D07EB2A2629B8002D47C5 /* PostImages.swift in Sources */ = {isa = PBXBuildFile; fileRef = 963D07EA2A2629B8002D47C5 /* PostImages.swift */; };
		967E12482A1FD1CC008D5161 /* LogInViewController.swift in Sources */ = {isa = PBXBuildFile; fileRef = 967E12472A1FD1CC008D5161 /* LogInViewController.swift */; };
		96BA7BD92A16228B006EB293 /* ProfileHeaderView.swift in Sources */ = {isa = PBXBuildFile; fileRef = 96BA7BD82A16228B006EB293 /* ProfileHeaderView.swift */; };
		96DB80262A21E0AA008699FD /* PostTableViewCell.swift in Sources */ = {isa = PBXBuildFile; fileRef = 96DB80252A21E0AA008699FD /* PostTableViewCell.swift */; };
		96DB80282A21E106008699FD /* ext.swift in Sources */ = {isa = PBXBuildFile; fileRef = 96DB80272A21E106008699FD /* ext.swift */; };
/* End PBXBuildFile section */

/* Begin PBXFileReference section */
		962E6F102A1585BE0079029F /* Novigation.app */ = {isa = PBXFileReference; explicitFileType = wrapper.application; includeInIndex = 0; path = Novigation.app; sourceTree = BUILT_PRODUCTS_DIR; };
		962E6F132A1585BE0079029F /* AppDelegate.swift */ = {isa = PBXFileReference; lastKnownFileType = sourcecode.swift; path = AppDelegate.swift; sourceTree = "<group>"; };
		962E6F152A1585BE0079029F /* SceneDelegate.swift */ = {isa = PBXFileReference; lastKnownFileType = sourcecode.swift; path = SceneDelegate.swift; sourceTree = "<group>"; };
		962E6F172A1585BE0079029F /* ViewController.swift */ = {isa = PBXFileReference; lastKnownFileType = sourcecode.swift; path = ViewController.swift; sourceTree = "<group>"; };
		962E6F1A2A1585BE0079029F /* Base */ = {isa = PBXFileReference; lastKnownFileType = file.storyboard; name = Base; path = Base.lproj/Main.storyboard; sourceTree = "<group>"; };
		962E6F1C2A1585BF0079029F /* Assets.xcassets */ = {isa = PBXFileReference; lastKnownFileType = folder.assetcatalog; path = Assets.xcassets; sourceTree = "<group>"; };
		962E6F1F2A1585BF0079029F /* Base */ = {isa = PBXFileReference; lastKnownFileType = file.storyboard; name = Base; path = Base.lproj/LaunchScreen.storyboard; sourceTree = "<group>"; };
		962E6F212A1585BF0079029F /* Info.plist */ = {isa = PBXFileReference; lastKnownFileType = text.plist.xml; path = Info.plist; sourceTree = "<group>"; };
		962E6F272A15888A0079029F /* ProfileViewController.swift */ = {isa = PBXFileReference; lastKnownFileType = sourcecode.swift; path = ProfileViewController.swift; sourceTree = "<group>"; };
		962E6F292A1588A20079029F /* FeedViewController.swift */ = {isa = PBXFileReference; lastKnownFileType = sourcecode.swift; path = FeedViewController.swift; sourceTree = "<group>"; };
		962E6F2B2A1588C00079029F /* PostViewController.swift */ = {isa = PBXFileReference; lastKnownFileType = sourcecode.swift; path = PostViewController.swift; sourceTree = "<group>"; };
		962E6F2D2A1588D10079029F /* InfoViewController.swift */ = {isa = PBXFileReference; lastKnownFileType = sourcecode.swift; path = InfoViewController.swift; sourceTree = "<group>"; };
		962E6F2F2A1588D90079029F /* Post.swift */ = {isa = PBXFileReference; lastKnownFileType = sourcecode.swift; path = Post.swift; sourceTree = "<group>"; };
		963D07E22A262847002D47C5 /* PhotosTableViewCell.swift */ = {isa = PBXFileReference; lastKnownFileType = sourcecode.swift; path = PhotosTableViewCell.swift; sourceTree = "<group>"; };
		963D07E62A2628F2002D47C5 /* PhotosViewController.swift */ = {isa = PBXFileReference; lastKnownFileType = sourcecode.swift; path = PhotosViewController.swift; sourceTree = "<group>"; };
		963D07E82A262971002D47C5 /* PhotosCollectionViewCell.swift */ = {isa = PBXFileReference; lastKnownFileType = sourcecode.swift; path = PhotosCollectionViewCell.swift; sourceTree = "<group>"; };
		963D07EA2A2629B8002D47C5 /* PostImages.swift */ = {isa = PBXFileReference; lastKnownFileType = sourcecode.swift; path = PostImages.swift; sourceTree = "<group>"; };
		967E12472A1FD1CC008D5161 /* LogInViewController.swift */ = {isa = PBXFileReference; lastKnownFileType = sourcecode.swift; path = LogInViewController.swift; sourceTree = "<group>"; };
		96BA7BD82A16228B006EB293 /* ProfileHeaderView.swift */ = {isa = PBXFileReference; lastKnownFileType = sourcecode.swift; path = ProfileHeaderView.swift; sourceTree = "<group>"; };
		96DB80252A21E0AA008699FD /* PostTableViewCell.swift */ = {isa = PBXFileReference; lastKnownFileType = sourcecode.swift; path = PostTableViewCell.swift; sourceTree = "<group>"; };
		96DB80272A21E106008699FD /* ext.swift */ = {isa = PBXFileReference; lastKnownFileType = sourcecode.swift; path = ext.swift; sourceTree = "<group>"; };
/* End PBXFileReference section */

/* Begin PBXFrameworksBuildPhase section */
		962E6F0D2A1585BE0079029F /* Frameworks */ = {
			isa = PBXFrameworksBuildPhase;
			buildActionMask = 2147483647;
			files = (
			);
			runOnlyForDeploymentPostprocessing = 0;
		};
/* End PBXFrameworksBuildPhase section */

/* Begin PBXGroup section */
		961069562A29E158002F3875 /* CV */ = {
			isa = PBXGroup;
			children = (
				963D07E62A2628F2002D47C5 /* PhotosViewController.swift */,
				963D07E82A262971002D47C5 /* PhotosCollectionViewCell.swift */,
			);
			path = CV;
			sourceTree = "<group>";
		};
		962E6F072A1585BE0079029F = {
			isa = PBXGroup;
			children = (
				962E6F122A1585BE0079029F /* Novigation */,
				962E6F112A1585BE0079029F /* Products */,
			);
			sourceTree = "<group>";
		};
		962E6F112A1585BE0079029F /* Products */ = {
			isa = PBXGroup;
			children = (
				962E6F102A1585BE0079029F /* Novigation.app */,
			);
			name = Products;
			sourceTree = "<group>";
		};
		962E6F122A1585BE0079029F /* Novigation */ = {
			isa = PBXGroup;
			children = (
				96DB80222A21DCCC008699FD /* post */,
				96BA7BD72A162274006EB293 /* profile */,
				962E6F132A1585BE0079029F /* AppDelegate.swift */,
				96BA7BD82A16228B006EB293 /* ProfileHeaderView.swift */,
				962E6F2B2A1588C00079029F /* PostViewController.swift */,
				962E6F292A1588A20079029F /* FeedViewController.swift */,
				962E6F2D2A1588D10079029F /* InfoViewController.swift */,
				962E6F152A1585BE0079029F /* SceneDelegate.swift */,
				962E6F172A1585BE0079029F /* ViewController.swift */,
				961069562A29E158002F3875 /* CV */,
				96A849222A2B2F4B00CB39FD /* Feed */,
				96DB80272A21E106008699FD /* ext.swift */,
				962E6F192A1585BE0079029F /* Main.storyboard */,
				962E6F1C2A1585BF0079029F /* Assets.xcassets */,
				962E6F1E2A1585BF0079029F /* LaunchScreen.storyboard */,
				962E6F212A1585BF0079029F /* Info.plist */,
			);
			path = Novigation;
			sourceTree = "<group>";
		};
		96A849222A2B2F4B00CB39FD /* Feed */ = {
			isa = PBXGroup;
			children = (
				963D07E22A262847002D47C5 /* PhotosTableViewCell.swift */,
				96DB80252A21E0AA008699FD /* PostTableViewCell.swift */,
			);
			path = Feed;
			sourceTree = "<group>";
		};
		96BA7BD72A162274006EB293 /* profile */ = {
			isa = PBXGroup;
			children = (
				962E6F272A15888A0079029F /* ProfileViewController.swift */,
				967E12472A1FD1CC008D5161 /* LogInViewController.swift */,
			);
			path = profile;
			sourceTree = "<group>";
		};
		96DB80222A21DCCC008699FD /* post */ = {
			isa = PBXGroup;
			children = (
				962E6F2F2A1588D90079029F /* Post.swift */,
				963D07EA2A2629B8002D47C5 /* PostImages.swift */,
			);
			path = post;
			sourceTree = "<group>";
		};
/* End PBXGroup section */

/* Begin PBXNativeTarget section */
		962E6F0F2A1585BE0079029F /* Novigation */ = {
			isa = PBXNativeTarget;
			buildConfigurationList = 962E6F242A1585BF0079029F /* Build configuration list for PBXNativeTarget "Novigation" */;
			buildPhases = (
				962E6F0C2A1585BE0079029F /* Sources */,
				962E6F0D2A1585BE0079029F /* Frameworks */,
				962E6F0E2A1585BE0079029F /* Resources */,
			);
			buildRules = (
			);
			dependencies = (
			);
			name = Novigation;
			productName = Novigation;
			productReference = 962E6F102A1585BE0079029F /* Novigation.app */;
			productType = "com.apple.product-type.application";
		};
/* End PBXNativeTarget section */

/* Begin PBXProject section */
		962E6F082A1585BE0079029F /* Project object */ = {
			isa = PBXProject;
			attributes = {
				BuildIndependentTargetsInParallel = 1;
				LastSwiftUpdateCheck = 1430;
				LastUpgradeCheck = 1430;
				TargetAttributes = {
					962E6F0F2A1585BE0079029F = {
						CreatedOnToolsVersion = 14.3;
					};
				};
			};
			buildConfigurationList = 962E6F0B2A1585BE0079029F /* Build configuration list for PBXProject "Novigation" */;
			compatibilityVersion = "Xcode 14.0";
			developmentRegion = en;
			hasScannedForEncodings = 0;
			knownRegions = (
				en,
				Base,
			);
			mainGroup = 962E6F072A1585BE0079029F;
			productRefGroup = 962E6F112A1585BE0079029F /* Products */;
			projectDirPath = "";
			projectRoot = "";
			targets = (
				962E6F0F2A1585BE0079029F /* Novigation */,
			);
		};
/* End PBXProject section */

/* Begin PBXResourcesBuildPhase section */
		962E6F0E2A1585BE0079029F /* Resources */ = {
			isa = PBXResourcesBuildPhase;
			buildActionMask = 2147483647;
			files = (
				962E6F202A1585BF0079029F /* LaunchScreen.storyboard in Resources */,
				962E6F1D2A1585BF0079029F /* Assets.xcassets in Resources */,
				962E6F1B2A1585BE0079029F /* Main.storyboard in Resources */,
			);
			runOnlyForDeploymentPostprocessing = 0;
		};
/* End PBXResourcesBuildPhase section */

/* Begin PBXSourcesBuildPhase section */
		962E6F0C2A1585BE0079029F /* Sources */ = {
			isa = PBXSourcesBuildPhase;
			buildActionMask = 2147483647;
			files = (
				96DB80262A21E0AA008699FD /* PostTableViewCell.swift in Sources */,
				96DB80282A21E106008699FD /* ext.swift in Sources */,
				962E6F2C2A1588C00079029F /* PostViewController.swift in Sources */,
				962E6F182A1585BE0079029F /* ViewController.swift in Sources */,
				962E6F142A1585BE0079029F /* AppDelegate.swift in Sources */,
				962E6F302A1588D90079029F /* Post.swift in Sources */,
				96BA7BD92A16228B006EB293 /* ProfileHeaderView.swift in Sources */,
				963D07EB2A2629B8002D47C5 /* PostImages.swift in Sources */,
				962E6F2E2A1588D10079029F /* InfoViewController.swift in Sources */,
				962E6F2A2A1588A20079029F /* FeedViewController.swift in Sources */,
				963D07E32A262847002D47C5 /* PhotosTableViewCell.swift in Sources */,
				962E6F282A15888A0079029F /* ProfileViewController.swift in Sources */,
				963D07E92A262971002D47C5 /* PhotosCollectionViewCell.swift in Sources */,
				963D07E72A2628F2002D47C5 /* PhotosViewController.swift in Sources */,
				967E12482A1FD1CC008D5161 /* LogInViewController.swift in Sources */,
				962E6F162A1585BE0079029F /* SceneDelegate.swift in Sources */,
			);
			runOnlyForDeploymentPostprocessing = 0;
		};
/* End PBXSourcesBuildPhase section */

/* Begin PBXVariantGroup section */
		962E6F192A1585BE0079029F /* Main.storyboard */ = {
			isa = PBXVariantGroup;
			children = (
				962E6F1A2A1585BE0079029F /* Base */,
			);
			name = Main.storyboard;
			sourceTree = "<group>";
		};
		962E6F1E2A1585BF0079029F /* LaunchScreen.storyboard */ = {
			isa = PBXVariantGroup;
			children = (
				962E6F1F2A1585BF0079029F /* Base */,
			);
			name = LaunchScreen.storyboard;
			sourceTree = "<group>";
		};
/* End PBXVariantGroup section */

/* Begin XCBuildConfiguration section */
		962E6F222A1585BF0079029F /* Debug */ = {
			isa = XCBuildConfiguration;
			buildSettings = {
				ALWAYS_SEARCH_USER_PATHS = NO;
				CLANG_ANALYZER_NONNULL = YES;
				CLANG_ANALYZER_NUMBER_OBJECT_CONVERSION = YES_AGGRESSIVE;
				CLANG_CXX_LANGUAGE_STANDARD = "gnu++20";
				CLANG_ENABLE_MODULES = YES;
				CLANG_ENABLE_OBJC_ARC = YES;
				CLANG_ENABLE_OBJC_WEAK = YES;
				CLANG_WARN_BLOCK_CAPTURE_AUTORELEASING = YES;
				CLANG_WARN_BOOL_CONVERSION = YES;
				CLANG_WARN_COMMA = YES;
				CLANG_WARN_CONSTANT_CONVERSION = YES;
				CLANG_WARN_DEPRECATED_OBJC_IMPLEMENTATIONS = YES;
				CLANG_WARN_DIRECT_OBJC_ISA_USAGE = YES_ERROR;
				CLANG_WARN_DOCUMENTATION_COMMENTS = YES;
				CLANG_WARN_EMPTY_BODY = YES;
				CLANG_WARN_ENUM_CONVERSION = YES;
				CLANG_WARN_INFINITE_RECURSION = YES;
				CLANG_WARN_INT_CONVERSION = YES;
				CLANG_WARN_NON_LITERAL_NULL_CONVERSION = YES;
				CLANG_WARN_OBJC_IMPLICIT_RETAIN_SELF = YES;
				CLANG_WARN_OBJC_LITERAL_CONVERSION = YES;
				CLANG_WARN_OBJC_ROOT_CLASS = YES_ERROR;
				CLANG_WARN_QUOTED_INCLUDE_IN_FRAMEWORK_HEADER = YES;
				CLANG_WARN_RANGE_LOOP_ANALYSIS = YES;
				CLANG_WARN_STRICT_PROTOTYPES = YES;
				CLANG_WARN_SUSPICIOUS_MOVE = YES;
				CLANG_WARN_UNGUARDED_AVAILABILITY = YES_AGGRESSIVE;
				CLANG_WARN_UNREACHABLE_CODE = YES;
				CLANG_WARN__DUPLICATE_METHOD_MATCH = YES;
				COPY_PHASE_STRIP = NO;
				DEBUG_INFORMATION_FORMAT = dwarf;
				ENABLE_STRICT_OBJC_MSGSEND = YES;
				ENABLE_TESTABILITY = YES;
				GCC_C_LANGUAGE_STANDARD = gnu11;
				GCC_DYNAMIC_NO_PIC = NO;
				GCC_NO_COMMON_BLOCKS = YES;
				GCC_OPTIMIZATION_LEVEL = 0;
				GCC_PREPROCESSOR_DEFINITIONS = (
					"DEBUG=1",
					"$(inherited)",
				);
				GCC_WARN_64_TO_32_BIT_CONVERSION = YES;
				GCC_WARN_ABOUT_RETURN_TYPE = YES_ERROR;
				GCC_WARN_UNDECLARED_SELECTOR = YES;
				GCC_WARN_UNINITIALIZED_AUTOS = YES_AGGRESSIVE;
				GCC_WARN_UNUSED_FUNCTION = YES;
				GCC_WARN_UNUSED_VARIABLE = YES;
				IPHONEOS_DEPLOYMENT_TARGET = 16.4;
				MTL_ENABLE_DEBUG_INFO = INCLUDE_SOURCE;
				MTL_FAST_MATH = YES;
				ONLY_ACTIVE_ARCH = YES;
				SDKROOT = iphoneos;
				SWIFT_ACTIVE_COMPILATION_CONDITIONS = DEBUG;
				SWIFT_OPTIMIZATION_LEVEL = "-Onone";
			};
			name = Debug;
		};
		962E6F232A1585BF0079029F /* Release */ = {
			isa = XCBuildConfiguration;
			buildSettings = {
				ALWAYS_SEARCH_USER_PATHS = NO;
				CLANG_ANALYZER_NONNULL = YES;
				CLANG_ANALYZER_NUMBER_OBJECT_CONVERSION = YES_AGGRESSIVE;
				CLANG_CXX_LANGUAGE_STANDARD = "gnu++20";
				CLANG_ENABLE_MODULES = YES;
				CLANG_ENABLE_OBJC_ARC = YES;
				CLANG_ENABLE_OBJC_WEAK = YES;
				CLANG_WARN_BLOCK_CAPTURE_AUTORELEASING = YES;
				CLANG_WARN_BOOL_CONVERSION = YES;
				CLANG_WARN_COMMA = YES;
				CLANG_WARN_CONSTANT_CONVERSION = YES;
				CLANG_WARN_DEPRECATED_OBJC_IMPLEMENTATIONS = YES;
				CLANG_WARN_DIRECT_OBJC_ISA_USAGE = YES_ERROR;
				CLANG_WARN_DOCUMENTATION_COMMENTS = YES;
				CLANG_WARN_EMPTY_BODY = YES;
				CLANG_WARN_ENUM_CONVERSION = YES;
				CLANG_WARN_INFINITE_RECURSION = YES;
				CLANG_WARN_INT_CONVERSION = YES;
				CLANG_WARN_NON_LITERAL_NULL_CONVERSION = YES;
				CLANG_WARN_OBJC_IMPLICIT_RETAIN_SELF = YES;
				CLANG_WARN_OBJC_LITERAL_CONVERSION = YES;
				CLANG_WARN_OBJC_ROOT_CLASS = YES_ERROR;
				CLANG_WARN_QUOTED_INCLUDE_IN_FRAMEWORK_HEADER = YES;
				CLANG_WARN_RANGE_LOOP_ANALYSIS = YES;
				CLANG_WARN_STRICT_PROTOTYPES = YES;
				CLANG_WARN_SUSPICIOUS_MOVE = YES;
				CLANG_WARN_UNGUARDED_AVAILABILITY = YES_AGGRESSIVE;
				CLANG_WARN_UNREACHABLE_CODE = YES;
				CLANG_WARN__DUPLICATE_METHOD_MATCH = YES;
				COPY_PHASE_STRIP = NO;
				DEBUG_INFORMATION_FORMAT = "dwarf-with-dsym";
				ENABLE_NS_ASSERTIONS = NO;
				ENABLE_STRICT_OBJC_MSGSEND = YES;
				GCC_C_LANGUAGE_STANDARD = gnu11;
				GCC_NO_COMMON_BLOCKS = YES;
				GCC_WARN_64_TO_32_BIT_CONVERSION = YES;
				GCC_WARN_ABOUT_RETURN_TYPE = YES_ERROR;
				GCC_WARN_UNDECLARED_SELECTOR = YES;
				GCC_WARN_UNINITIALIZED_AUTOS = YES_AGGRESSIVE;
				GCC_WARN_UNUSED_FUNCTION = YES;
				GCC_WARN_UNUSED_VARIABLE = YES;
				IPHONEOS_DEPLOYMENT_TARGET = 16.4;
				MTL_ENABLE_DEBUG_INFO = NO;
				MTL_FAST_MATH = YES;
				SDKROOT = iphoneos;
				SWIFT_COMPILATION_MODE = wholemodule;
				SWIFT_OPTIMIZATION_LEVEL = "-O";
				VALIDATE_PRODUCT = YES;
			};
			name = Release;
		};
		962E6F252A1585BF0079029F /* Debug */ = {
			isa = XCBuildConfiguration;
			buildSettings = {
				ASSETCATALOG_COMPILER_APPICON_NAME = AppIcon;
				ASSETCATALOG_COMPILER_GLOBAL_ACCENT_COLOR_NAME = AccentColor;
				CODE_SIGN_STYLE = Automatic;
				CURRENT_PROJECT_VERSION = 1;
				GENERATE_INFOPLIST_FILE = YES;
				INFOPLIST_FILE = Novigation/Info.plist;
				INFOPLIST_KEY_UIApplicationSupportsIndirectInputEvents = YES;
				INFOPLIST_KEY_UILaunchStoryboardName = LaunchScreen;
				INFOPLIST_KEY_UISupportedInterfaceOrientations = UIInterfaceOrientationPortrait;
				INFOPLIST_KEY_UISupportedInterfaceOrientations_iPad = "UIInterfaceOrientationLandscapeLeft UIInterfaceOrientationLandscapeRight UIInterfaceOrientationPortrait UIInterfaceOrientationPortraitUpsideDown";
				LD_RUNPATH_SEARCH_PATHS = (
					"$(inherited)",
					"@executable_path/Frameworks",
				);
				MARKETING_VERSION = 1.0;
				PRODUCT_BUNDLE_IDENTIFIER = "Sergey-Petruchin.Novigation";
				PRODUCT_NAME = "$(TARGET_NAME)";
				SWIFT_EMIT_LOC_STRINGS = YES;
				SWIFT_VERSION = 5.0;
				TARGETED_DEVICE_FAMILY = "1,2";
			};
			name = Debug;
		};
		962E6F262A1585BF0079029F /* Release */ = {
			isa = XCBuildConfiguration;
			buildSettings = {
				ASSETCATALOG_COMPILER_APPICON_NAME = AppIcon;
				ASSETCATALOG_COMPILER_GLOBAL_ACCENT_COLOR_NAME = AccentColor;
				CODE_SIGN_STYLE = Automatic;
				CURRENT_PROJECT_VERSION = 1;
				GENERATE_INFOPLIST_FILE = YES;
				INFOPLIST_FILE = Novigation/Info.plist;
				INFOPLIST_KEY_UIApplicationSupportsIndirectInputEvents = YES;
				INFOPLIST_KEY_UILaunchStoryboardName = LaunchScreen;
				INFOPLIST_KEY_UISupportedInterfaceOrientations = UIInterfaceOrientationPortrait;
				INFOPLIST_KEY_UISupportedInterfaceOrientations_iPad = "UIInterfaceOrientationLandscapeLeft UIInterfaceOrientationLandscapeRight UIInterfaceOrientationPortrait UIInterfaceOrientationPortraitUpsideDown";
				LD_RUNPATH_SEARCH_PATHS = (
					"$(inherited)",
					"@executable_path/Frameworks",
				);
				MARKETING_VERSION = 1.0;
				PRODUCT_BUNDLE_IDENTIFIER = "Sergey-Petruchin.Novigation";
				PRODUCT_NAME = "$(TARGET_NAME)";
				SWIFT_EMIT_LOC_STRINGS = YES;
				SWIFT_VERSION = 5.0;
				TARGETED_DEVICE_FAMILY = "1,2";
			};
			name = Release;
		};
/* End XCBuildConfiguration section */

/* Begin XCConfigurationList section */
		962E6F0B2A1585BE0079029F /* Build configuration list for PBXProject "Novigation" */ = {
			isa = XCConfigurationList;
			buildConfigurations = (
				962E6F222A1585BF0079029F /* Debug */,
				962E6F232A1585BF0079029F /* Release */,
			);
			defaultConfigurationIsVisible = 0;
			defaultConfigurationName = Release;
		};
		962E6F242A1585BF0079029F /* Build configuration list for PBXNativeTarget "Novigation" */ = {
			isa = XCConfigurationList;
			buildConfigurations = (
				962E6F252A1585BF0079029F /* Debug */,
				962E6F262A1585BF0079029F /* Release */,
			);
			defaultConfigurationIsVisible = 0;
			defaultConfigurationName = Release;
		};
/* End XCConfigurationList section */
	};
	rootObject = 962E6F082A1585BE0079029F /* Project object */;
}
